// !$*UTF8*$!
{
	archiveVersion = 1;
	classes = {
	};
	objectVersion = 55;
	objects = {

/* Begin PBXBuildFile section */
		0C0E6C9A27B2524800765B38 /* Test_Cours_listUIApp.swift in Sources */ = {isa = PBXBuildFile; fileRef = 0C0E6C9927B2524800765B38 /* Test_Cours_listUIApp.swift */; };
		0C0E6C9C27B2524800765B38 /* ContentView.swift in Sources */ = {isa = PBXBuildFile; fileRef = 0C0E6C9B27B2524800765B38 /* ContentView.swift */; };
		0C0E6C9E27B2524800765B38 /* Assets.xcassets in Resources */ = {isa = PBXBuildFile; fileRef = 0C0E6C9D27B2524800765B38 /* Assets.xcassets */; };
		0C0E6CA127B2524800765B38 /* Preview Assets.xcassets in Resources */ = {isa = PBXBuildFile; fileRef = 0C0E6CA027B2524800765B38 /* Preview Assets.xcassets */; };
		0C0E6CAB27B2524800765B38 /* Test_Cours_listUITests.swift in Sources */ = {isa = PBXBuildFile; fileRef = 0C0E6CAA27B2524800765B38 /* Test_Cours_listUITests.swift */; };
		0C0E6CB527B2524800765B38 /* Test_Cours_listUIUITests.swift in Sources */ = {isa = PBXBuildFile; fileRef = 0C0E6CB427B2524800765B38 /* Test_Cours_listUIUITests.swift */; };
		0C0E6CB727B2524800765B38 /* Test_Cours_listUIUITestsLaunchTests.swift in Sources */ = {isa = PBXBuildFile; fileRef = 0C0E6CB627B2524800765B38 /* Test_Cours_listUIUITestsLaunchTests.swift */; };
		0C0E6CC527B252BA00765B38 /* Track.swift in Sources */ = {isa = PBXBuildFile; fileRef = 0C0E6CC427B252BA00765B38 /* Track.swift */; };
		6F0EC76D27BCF17A00F1BDD0 /* TrackView.swift in Sources */ = {isa = PBXBuildFile; fileRef = 6F0EC76C27BCF17A00F1BDD0 /* TrackView.swift */; };
		6F0EC76F27BCF19C00F1BDD0 /* TrackViewModel.swift in Sources */ = {isa = PBXBuildFile; fileRef = 6F0EC76E27BCF19C00F1BDD0 /* TrackViewModel.swift */; };
		6F0EC77227BCF1B200F1BDD0 /* TrackIntent.swift in Sources */ = {isa = PBXBuildFile; fileRef = 6F0EC77127BCF1B200F1BDD0 /* TrackIntent.swift */; };
		6F0EC77427BCF3C700F1BDD0 /* ErrorVM.swift in Sources */ = {isa = PBXBuildFile; fileRef = 6F0EC77327BCF3C700F1BDD0 /* ErrorVM.swift */; };
		6F0EC77627BD2AE200F1BDD0 /* Tracks.swift in Sources */ = {isa = PBXBuildFile; fileRef = 6F0EC77527BD2AE200F1BDD0 /* Tracks.swift */; };
		6F0EC77C27BD306A00F1BDD0 /* playlist.json in Resources */ = {isa = PBXBuildFile; fileRef = 6F0EC77B27BD306A00F1BDD0 /* playlist.json */; };
		6F0EC77E27BD38DE00F1BDD0 /* TrackViewModelDelegate.swift in Sources */ = {isa = PBXBuildFile; fileRef = 6F0EC77D27BD38DE00F1BDD0 /* TrackViewModelDelegate.swift */; };
		6F0EC78127BE3C2800F1BDD0 /* TrackDTO.swift in Sources */ = {isa = PBXBuildFile; fileRef = 6F0EC78027BE3C2800F1BDD0 /* TrackDTO.swift */; };
		6F0EC78327BE443100F1BDD0 /* IngredientListView.swift in Sources */ = {isa = PBXBuildFile; fileRef = 6F0EC78227BE443100F1BDD0 /* IngredientListView.swift */; };
		6F0EC78527BE44DA00F1BDD0 /* Ingredient.swift in Sources */ = {isa = PBXBuildFile; fileRef = 6F0EC78427BE44DA00F1BDD0 /* Ingredient.swift */; };
		6F0EC78727BE453B00F1BDD0 /* Unit.swift in Sources */ = {isa = PBXBuildFile; fileRef = 6F0EC78627BE453B00F1BDD0 /* Unit.swift */; };
		6F0EC78927BE45B900F1BDD0 /* IngredientCategory.swift in Sources */ = {isa = PBXBuildFile; fileRef = 6F0EC78827BE45B900F1BDD0 /* IngredientCategory.swift */; };
		6F0EC78C27BE467800F1BDD0 /* ApiService.swift in Sources */ = {isa = PBXBuildFile; fileRef = 6F0EC78B27BE467800F1BDD0 /* ApiService.swift */; };
		6F0EC78E27BE48D700F1BDD0 /* api_config.json in Resources */ = {isa = PBXBuildFile; fileRef = 6F0EC78D27BE48D700F1BDD0 /* api_config.json */; };
		6F0EC79427BE6FA200F1BDD0 /* DAOFactory.swift in Sources */ = {isa = PBXBuildFile; fileRef = 6F0EC79327BE6FA200F1BDD0 /* DAOFactory.swift */; };
		6F0EC79627C4C1D300F1BDD0 /* Ingredients.swift in Sources */ = {isa = PBXBuildFile; fileRef = 6F0EC79527C4C1D300F1BDD0 /* Ingredients.swift */; };
		6F0EC79827C4C1FE00F1BDD0 /* JSONHelper.swift in Sources */ = {isa = PBXBuildFile; fileRef = 6F0EC79727C4C1FE00F1BDD0 /* JSONHelper.swift */; };
		6F0EC79A27C4C34100F1BDD0 /* IngredientViewModel.swift in Sources */ = {isa = PBXBuildFile; fileRef = 6F0EC79927C4C34100F1BDD0 /* IngredientViewModel.swift */; };
		6F0EC79C27C4C68400F1BDD0 /* IngredientViewModelDelegate.swift in Sources */ = {isa = PBXBuildFile; fileRef = 6F0EC79B27C4C68400F1BDD0 /* IngredientViewModelDelegate.swift */; };
		6F0EC79E27C4C6D200F1BDD0 /* IngredientIntent.swift in Sources */ = {isa = PBXBuildFile; fileRef = 6F0EC79D27C4C6D200F1BDD0 /* IngredientIntent.swift */; };
		6F0EC7A027C4CA8A00F1BDD0 /* IngredientView.swift in Sources */ = {isa = PBXBuildFile; fileRef = 6F0EC79F27C4CA8A00F1BDD0 /* IngredientView.swift */; };
		6F0EC7A327C4CE7300F1BDD0 /* IngredientDAO.swift in Sources */ = {isa = PBXBuildFile; fileRef = 6F0EC7A227C4CE7300F1BDD0 /* IngredientDAO.swift */; };
		6F0EC7A527C4CE9D00F1BDD0 /* IngredientDTO.swift in Sources */ = {isa = PBXBuildFile; fileRef = 6F0EC7A427C4CE9D00F1BDD0 /* IngredientDTO.swift */; };
		6F0EC7A727C4DB3F00F1BDD0 /* TrackListView.swift in Sources */ = {isa = PBXBuildFile; fileRef = 6F0EC7A627C4DB3F00F1BDD0 /* TrackListView.swift */; };
		6F0EC7A927C4EA1A00F1BDD0 /* UnitView.swift in Sources */ = {isa = PBXBuildFile; fileRef = 6F0EC7A827C4EA1A00F1BDD0 /* UnitView.swift */; };
		6F0EC7AB27C4EAAB00F1BDD0 /* UnitIntent.swift in Sources */ = {isa = PBXBuildFile; fileRef = 6F0EC7AA27C4EAAB00F1BDD0 /* UnitIntent.swift */; };
		6F0EC7AD27C4EB0200F1BDD0 /* UnitViewModel.swift in Sources */ = {isa = PBXBuildFile; fileRef = 6F0EC7AC27C4EB0200F1BDD0 /* UnitViewModel.swift */; };
		6F0EC7AF27C4EBB000F1BDD0 /* UnitViewModelDelegate.swift in Sources */ = {isa = PBXBuildFile; fileRef = 6F0EC7AE27C4EBB000F1BDD0 /* UnitViewModelDelegate.swift */; };
		6F0EC7B127C4F06F00F1BDD0 /* IngredientCategoryView.swift in Sources */ = {isa = PBXBuildFile; fileRef = 6F0EC7B027C4F06F00F1BDD0 /* IngredientCategoryView.swift */; };
		6F0EC7B327C4F0CE00F1BDD0 /* IngredientCategoryViewModel.swift in Sources */ = {isa = PBXBuildFile; fileRef = 6F0EC7B227C4F0CE00F1BDD0 /* IngredientCategoryViewModel.swift */; };
		6F0EC7B527C4F17D00F1BDD0 /* IngredientCategoryViewModelDelegate.swift in Sources */ = {isa = PBXBuildFile; fileRef = 6F0EC7B427C4F17D00F1BDD0 /* IngredientCategoryViewModelDelegate.swift */; };
		6F0EC7B727C4F1FF00F1BDD0 /* IngredientCategoryIntent.swift in Sources */ = {isa = PBXBuildFile; fileRef = 6F0EC7B627C4F1FF00F1BDD0 /* IngredientCategoryIntent.swift */; };
		6F0EC7BB27C5104200F1BDD0 /* LoadingView.swift in Sources */ = {isa = PBXBuildFile; fileRef = 6F0EC7BA27C5104200F1BDD0 /* LoadingView.swift */; };
		6F0EC7BD27C5188300F1BDD0 /* UnitDAO.swift in Sources */ = {isa = PBXBuildFile; fileRef = 6F0EC7BC27C5188300F1BDD0 /* UnitDAO.swift */; };
		6F0EC7BF27C5311E00F1BDD0 /* UnitDTO.swift in Sources */ = {isa = PBXBuildFile; fileRef = 6F0EC7BE27C5311E00F1BDD0 /* UnitDTO.swift */; };
		6F0EC7C327C5535B00F1BDD0 /* IngredientCategoryDTO.swift in Sources */ = {isa = PBXBuildFile; fileRef = 6F0EC7C227C5535B00F1BDD0 /* IngredientCategoryDTO.swift */; };
		6FC65E3E27C6992000C1F0CE /* Session.swift in Sources */ = {isa = PBXBuildFile; fileRef = 6FC65E3D27C6992000C1F0CE /* Session.swift */; };
		6FC65E4027C69A6500C1F0CE /* User.swift in Sources */ = {isa = PBXBuildFile; fileRef = 6FC65E3F27C69A6500C1F0CE /* User.swift */; };
		6FC65E4227C69B1000C1F0CE /* UserDTO.swift in Sources */ = {isa = PBXBuildFile; fileRef = 6FC65E4127C69B1000C1F0CE /* UserDTO.swift */; };
		6FC65E4427C69B8B00C1F0CE /* UserDAO.swift in Sources */ = {isa = PBXBuildFile; fileRef = 6FC65E4327C69B8B00C1F0CE /* UserDAO.swift */; };
		6FC65E4627C76C8A00C1F0CE /* IngredientCategoryDAO.swift in Sources */ = {isa = PBXBuildFile; fileRef = 6FC65E4527C76C8A00C1F0CE /* IngredientCategoryDAO.swift */; };
		6FC65E5027CD158500C1F0CE /* Allergene.swift in Sources */ = {isa = PBXBuildFile; fileRef = 6FC65E4F27CD158500C1F0CE /* Allergene.swift */; };
		6FC65E5227CD174B00C1F0CE /* AllergeneDAO.swift in Sources */ = {isa = PBXBuildFile; fileRef = 6FC65E5127CD174B00C1F0CE /* AllergeneDAO.swift */; };
		6FC65E5427CD175F00C1F0CE /* AllergeneDTO.swift in Sources */ = {isa = PBXBuildFile; fileRef = 6FC65E5327CD175F00C1F0CE /* AllergeneDTO.swift */; };
		6FC65E5627CD191700C1F0CE /* AllergeneVIew.swift in Sources */ = {isa = PBXBuildFile; fileRef = 6FC65E5527CD191700C1F0CE /* AllergeneVIew.swift */; };
		6FC65E5827CD19BF00C1F0CE /* AllergeneViewModel.swift in Sources */ = {isa = PBXBuildFile; fileRef = 6FC65E5727CD19BF00C1F0CE /* AllergeneViewModel.swift */; };
		6FC65E5A27CD1A6300C1F0CE /* AllergeneViewModelDelegate.swift in Sources */ = {isa = PBXBuildFile; fileRef = 6FC65E5927CD1A6300C1F0CE /* AllergeneViewModelDelegate.swift */; };
		6FC65E5C27CD1A8F00C1F0CE /* AllergeneIntent.swift in Sources */ = {isa = PBXBuildFile; fileRef = 6FC65E5B27CD1A8F00C1F0CE /* AllergeneIntent.swift */; };
		6FC65E5E27CD202600C1F0CE /* Allergenes.swift in Sources */ = {isa = PBXBuildFile; fileRef = 6FC65E5D27CD202600C1F0CE /* Allergenes.swift */; };
		6FC65E6027CD2A3500C1F0CE /* AllergeneListView.swift in Sources */ = {isa = PBXBuildFile; fileRef = 6FC65E5F27CD2A3500C1F0CE /* AllergeneListView.swift */; };
		6FC65E6227CDB15300C1F0CE /* IngredientAllergenes.swift in Sources */ = {isa = PBXBuildFile; fileRef = 6FC65E6127CDB15300C1F0CE /* IngredientAllergenes.swift */; };
		6FC65E6527CF0B2B00C1F0CE /* AlertToast in Frameworks */ = {isa = PBXBuildFile; productRef = 6FC65E6427CF0B2B00C1F0CE /* AlertToast */; };
/* End PBXBuildFile section */

/* Begin PBXContainerItemProxy section */
		0C0E6CA727B2524800765B38 /* PBXContainerItemProxy */ = {
			isa = PBXContainerItemProxy;
			containerPortal = 0C0E6C8E27B2524800765B38 /* Project object */;
			proxyType = 1;
			remoteGlobalIDString = 0C0E6C9527B2524800765B38;
			remoteInfo = Test_Cours_listUI;
		};
		0C0E6CB127B2524800765B38 /* PBXContainerItemProxy */ = {
			isa = PBXContainerItemProxy;
			containerPortal = 0C0E6C8E27B2524800765B38 /* Project object */;
			proxyType = 1;
			remoteGlobalIDString = 0C0E6C9527B2524800765B38;
			remoteInfo = Test_Cours_listUI;
		};
/* End PBXContainerItemProxy section */

/* Begin PBXFileReference section */
		0C0E6C9627B2524800765B38 /* Test_Cours_listUI.app */ = {isa = PBXFileReference; explicitFileType = wrapper.application; includeInIndex = 0; path = Test_Cours_listUI.app; sourceTree = BUILT_PRODUCTS_DIR; };
		0C0E6C9927B2524800765B38 /* Test_Cours_listUIApp.swift */ = {isa = PBXFileReference; lastKnownFileType = sourcecode.swift; path = Test_Cours_listUIApp.swift; sourceTree = "<group>"; };
		0C0E6C9B27B2524800765B38 /* ContentView.swift */ = {isa = PBXFileReference; lastKnownFileType = sourcecode.swift; path = ContentView.swift; sourceTree = "<group>"; };
		0C0E6C9D27B2524800765B38 /* Assets.xcassets */ = {isa = PBXFileReference; lastKnownFileType = folder.assetcatalog; path = Assets.xcassets; sourceTree = "<group>"; };
		0C0E6CA027B2524800765B38 /* Preview Assets.xcassets */ = {isa = PBXFileReference; lastKnownFileType = folder.assetcatalog; path = "Preview Assets.xcassets"; sourceTree = "<group>"; };
		0C0E6CA627B2524800765B38 /* Test_Cours_listUITests.xctest */ = {isa = PBXFileReference; explicitFileType = wrapper.cfbundle; includeInIndex = 0; path = Test_Cours_listUITests.xctest; sourceTree = BUILT_PRODUCTS_DIR; };
		0C0E6CAA27B2524800765B38 /* Test_Cours_listUITests.swift */ = {isa = PBXFileReference; lastKnownFileType = sourcecode.swift; path = Test_Cours_listUITests.swift; sourceTree = "<group>"; };
		0C0E6CB027B2524800765B38 /* Test_Cours_listUIUITests.xctest */ = {isa = PBXFileReference; explicitFileType = wrapper.cfbundle; includeInIndex = 0; path = Test_Cours_listUIUITests.xctest; sourceTree = BUILT_PRODUCTS_DIR; };
		0C0E6CB427B2524800765B38 /* Test_Cours_listUIUITests.swift */ = {isa = PBXFileReference; lastKnownFileType = sourcecode.swift; path = Test_Cours_listUIUITests.swift; sourceTree = "<group>"; };
		0C0E6CB627B2524800765B38 /* Test_Cours_listUIUITestsLaunchTests.swift */ = {isa = PBXFileReference; lastKnownFileType = sourcecode.swift; path = Test_Cours_listUIUITestsLaunchTests.swift; sourceTree = "<group>"; };
		0C0E6CC427B252BA00765B38 /* Track.swift */ = {isa = PBXFileReference; lastKnownFileType = sourcecode.swift; path = Track.swift; sourceTree = "<group>"; };
		6F0EC76C27BCF17A00F1BDD0 /* TrackView.swift */ = {isa = PBXFileReference; lastKnownFileType = sourcecode.swift; path = TrackView.swift; sourceTree = "<group>"; };
		6F0EC76E27BCF19C00F1BDD0 /* TrackViewModel.swift */ = {isa = PBXFileReference; lastKnownFileType = sourcecode.swift; path = TrackViewModel.swift; sourceTree = "<group>"; };
		6F0EC77127BCF1B200F1BDD0 /* TrackIntent.swift */ = {isa = PBXFileReference; lastKnownFileType = sourcecode.swift; path = TrackIntent.swift; sourceTree = "<group>"; };
		6F0EC77327BCF3C700F1BDD0 /* ErrorVM.swift */ = {isa = PBXFileReference; lastKnownFileType = sourcecode.swift; path = ErrorVM.swift; sourceTree = "<group>"; };
		6F0EC77527BD2AE200F1BDD0 /* Tracks.swift */ = {isa = PBXFileReference; lastKnownFileType = sourcecode.swift; path = Tracks.swift; sourceTree = "<group>"; };
		6F0EC77B27BD306A00F1BDD0 /* playlist.json */ = {isa = PBXFileReference; lastKnownFileType = text.json; path = playlist.json; sourceTree = "<group>"; };
		6F0EC77D27BD38DE00F1BDD0 /* TrackViewModelDelegate.swift */ = {isa = PBXFileReference; lastKnownFileType = sourcecode.swift; path = TrackViewModelDelegate.swift; sourceTree = "<group>"; };
		6F0EC78027BE3C2800F1BDD0 /* TrackDTO.swift */ = {isa = PBXFileReference; lastKnownFileType = sourcecode.swift; path = TrackDTO.swift; sourceTree = "<group>"; };
		6F0EC78227BE443100F1BDD0 /* IngredientListView.swift */ = {isa = PBXFileReference; lastKnownFileType = sourcecode.swift; path = IngredientListView.swift; sourceTree = "<group>"; };
		6F0EC78427BE44DA00F1BDD0 /* Ingredient.swift */ = {isa = PBXFileReference; lastKnownFileType = sourcecode.swift; path = Ingredient.swift; sourceTree = "<group>"; };
		6F0EC78627BE453B00F1BDD0 /* Unit.swift */ = {isa = PBXFileReference; lastKnownFileType = sourcecode.swift; path = Unit.swift; sourceTree = "<group>"; };
		6F0EC78827BE45B900F1BDD0 /* IngredientCategory.swift */ = {isa = PBXFileReference; lastKnownFileType = sourcecode.swift; path = IngredientCategory.swift; sourceTree = "<group>"; };
		6F0EC78B27BE467800F1BDD0 /* ApiService.swift */ = {isa = PBXFileReference; lastKnownFileType = sourcecode.swift; path = ApiService.swift; sourceTree = "<group>"; };
		6F0EC78D27BE48D700F1BDD0 /* api_config.json */ = {isa = PBXFileReference; lastKnownFileType = text.json; path = api_config.json; sourceTree = "<group>"; };
		6F0EC79327BE6FA200F1BDD0 /* DAOFactory.swift */ = {isa = PBXFileReference; lastKnownFileType = sourcecode.swift; path = DAOFactory.swift; sourceTree = "<group>"; };
		6F0EC79527C4C1D300F1BDD0 /* Ingredients.swift */ = {isa = PBXFileReference; lastKnownFileType = sourcecode.swift; path = Ingredients.swift; sourceTree = "<group>"; };
		6F0EC79727C4C1FE00F1BDD0 /* JSONHelper.swift */ = {isa = PBXFileReference; lastKnownFileType = sourcecode.swift; path = JSONHelper.swift; sourceTree = "<group>"; };
		6F0EC79927C4C34100F1BDD0 /* IngredientViewModel.swift */ = {isa = PBXFileReference; lastKnownFileType = sourcecode.swift; path = IngredientViewModel.swift; sourceTree = "<group>"; };
		6F0EC79B27C4C68400F1BDD0 /* IngredientViewModelDelegate.swift */ = {isa = PBXFileReference; lastKnownFileType = sourcecode.swift; path = IngredientViewModelDelegate.swift; sourceTree = "<group>"; };
		6F0EC79D27C4C6D200F1BDD0 /* IngredientIntent.swift */ = {isa = PBXFileReference; lastKnownFileType = sourcecode.swift; path = IngredientIntent.swift; sourceTree = "<group>"; };
		6F0EC79F27C4CA8A00F1BDD0 /* IngredientView.swift */ = {isa = PBXFileReference; lastKnownFileType = sourcecode.swift; path = IngredientView.swift; sourceTree = "<group>"; };
		6F0EC7A227C4CE7300F1BDD0 /* IngredientDAO.swift */ = {isa = PBXFileReference; lastKnownFileType = sourcecode.swift; path = IngredientDAO.swift; sourceTree = "<group>"; };
		6F0EC7A427C4CE9D00F1BDD0 /* IngredientDTO.swift */ = {isa = PBXFileReference; lastKnownFileType = sourcecode.swift; path = IngredientDTO.swift; sourceTree = "<group>"; };
		6F0EC7A627C4DB3F00F1BDD0 /* TrackListView.swift */ = {isa = PBXFileReference; lastKnownFileType = sourcecode.swift; path = TrackListView.swift; sourceTree = "<group>"; };
		6F0EC7A827C4EA1A00F1BDD0 /* UnitView.swift */ = {isa = PBXFileReference; lastKnownFileType = sourcecode.swift; path = UnitView.swift; sourceTree = "<group>"; };
		6F0EC7AA27C4EAAB00F1BDD0 /* UnitIntent.swift */ = {isa = PBXFileReference; lastKnownFileType = sourcecode.swift; path = UnitIntent.swift; sourceTree = "<group>"; };
		6F0EC7AC27C4EB0200F1BDD0 /* UnitViewModel.swift */ = {isa = PBXFileReference; lastKnownFileType = sourcecode.swift; path = UnitViewModel.swift; sourceTree = "<group>"; };
		6F0EC7AE27C4EBB000F1BDD0 /* UnitViewModelDelegate.swift */ = {isa = PBXFileReference; lastKnownFileType = sourcecode.swift; path = UnitViewModelDelegate.swift; sourceTree = "<group>"; };
		6F0EC7B027C4F06F00F1BDD0 /* IngredientCategoryView.swift */ = {isa = PBXFileReference; lastKnownFileType = sourcecode.swift; path = IngredientCategoryView.swift; sourceTree = "<group>"; };
		6F0EC7B227C4F0CE00F1BDD0 /* IngredientCategoryViewModel.swift */ = {isa = PBXFileReference; lastKnownFileType = sourcecode.swift; path = IngredientCategoryViewModel.swift; sourceTree = "<group>"; };
		6F0EC7B427C4F17D00F1BDD0 /* IngredientCategoryViewModelDelegate.swift */ = {isa = PBXFileReference; lastKnownFileType = sourcecode.swift; path = IngredientCategoryViewModelDelegate.swift; sourceTree = "<group>"; };
		6F0EC7B627C4F1FF00F1BDD0 /* IngredientCategoryIntent.swift */ = {isa = PBXFileReference; lastKnownFileType = sourcecode.swift; path = IngredientCategoryIntent.swift; sourceTree = "<group>"; };
		6F0EC7BA27C5104200F1BDD0 /* LoadingView.swift */ = {isa = PBXFileReference; lastKnownFileType = sourcecode.swift; path = LoadingView.swift; sourceTree = "<group>"; };
		6F0EC7BC27C5188300F1BDD0 /* UnitDAO.swift */ = {isa = PBXFileReference; lastKnownFileType = sourcecode.swift; path = UnitDAO.swift; sourceTree = "<group>"; };
		6F0EC7BE27C5311E00F1BDD0 /* UnitDTO.swift */ = {isa = PBXFileReference; lastKnownFileType = sourcecode.swift; path = UnitDTO.swift; sourceTree = "<group>"; };
		6F0EC7C227C5535B00F1BDD0 /* IngredientCategoryDTO.swift */ = {isa = PBXFileReference; lastKnownFileType = sourcecode.swift; path = IngredientCategoryDTO.swift; sourceTree = "<group>"; };
		6FC65E3D27C6992000C1F0CE /* Session.swift */ = {isa = PBXFileReference; lastKnownFileType = sourcecode.swift; path = Session.swift; sourceTree = "<group>"; };
		6FC65E3F27C69A6500C1F0CE /* User.swift */ = {isa = PBXFileReference; lastKnownFileType = sourcecode.swift; path = User.swift; sourceTree = "<group>"; };
		6FC65E4127C69B1000C1F0CE /* UserDTO.swift */ = {isa = PBXFileReference; lastKnownFileType = sourcecode.swift; path = UserDTO.swift; sourceTree = "<group>"; };
		6FC65E4327C69B8B00C1F0CE /* UserDAO.swift */ = {isa = PBXFileReference; lastKnownFileType = sourcecode.swift; path = UserDAO.swift; sourceTree = "<group>"; };
		6FC65E4527C76C8A00C1F0CE /* IngredientCategoryDAO.swift */ = {isa = PBXFileReference; lastKnownFileType = sourcecode.swift; path = IngredientCategoryDAO.swift; sourceTree = "<group>"; };
		6FC65E4F27CD158500C1F0CE /* Allergene.swift */ = {isa = PBXFileReference; lastKnownFileType = sourcecode.swift; path = Allergene.swift; sourceTree = "<group>"; };
		6FC65E5127CD174B00C1F0CE /* AllergeneDAO.swift */ = {isa = PBXFileReference; lastKnownFileType = sourcecode.swift; path = AllergeneDAO.swift; sourceTree = "<group>"; };
		6FC65E5327CD175F00C1F0CE /* AllergeneDTO.swift */ = {isa = PBXFileReference; lastKnownFileType = sourcecode.swift; path = AllergeneDTO.swift; sourceTree = "<group>"; };
		6FC65E5527CD191700C1F0CE /* AllergeneVIew.swift */ = {isa = PBXFileReference; lastKnownFileType = sourcecode.swift; path = AllergeneVIew.swift; sourceTree = "<group>"; };
		6FC65E5727CD19BF00C1F0CE /* AllergeneViewModel.swift */ = {isa = PBXFileReference; lastKnownFileType = sourcecode.swift; path = AllergeneViewModel.swift; sourceTree = "<group>"; };
		6FC65E5927CD1A6300C1F0CE /* AllergeneViewModelDelegate.swift */ = {isa = PBXFileReference; lastKnownFileType = sourcecode.swift; path = AllergeneViewModelDelegate.swift; sourceTree = "<group>"; };
		6FC65E5B27CD1A8F00C1F0CE /* AllergeneIntent.swift */ = {isa = PBXFileReference; lastKnownFileType = sourcecode.swift; path = AllergeneIntent.swift; sourceTree = "<group>"; };
		6FC65E5D27CD202600C1F0CE /* Allergenes.swift */ = {isa = PBXFileReference; lastKnownFileType = sourcecode.swift; path = Allergenes.swift; sourceTree = "<group>"; };
		6FC65E5F27CD2A3500C1F0CE /* AllergeneListView.swift */ = {isa = PBXFileReference; lastKnownFileType = sourcecode.swift; path = AllergeneListView.swift; sourceTree = "<group>"; };
		6FC65E6127CDB15300C1F0CE /* IngredientAllergenes.swift */ = {isa = PBXFileReference; lastKnownFileType = sourcecode.swift; path = IngredientAllergenes.swift; sourceTree = "<group>"; };
/* End PBXFileReference section */

/* Begin PBXFrameworksBuildPhase section */
		0C0E6C9327B2524800765B38 /* Frameworks */ = {
			isa = PBXFrameworksBuildPhase;
			buildActionMask = 2147483647;
			files = (
				6FC65E6527CF0B2B00C1F0CE /* AlertToast in Frameworks */,
			);
			runOnlyForDeploymentPostprocessing = 0;
		};
		0C0E6CA327B2524800765B38 /* Frameworks */ = {
			isa = PBXFrameworksBuildPhase;
			buildActionMask = 2147483647;
			files = (
			);
			runOnlyForDeploymentPostprocessing = 0;
		};
		0C0E6CAD27B2524800765B38 /* Frameworks */ = {
			isa = PBXFrameworksBuildPhase;
			buildActionMask = 2147483647;
			files = (
			);
			runOnlyForDeploymentPostprocessing = 0;
		};
/* End PBXFrameworksBuildPhase section */

/* Begin PBXGroup section */
		0C0E6C8D27B2524800765B38 = {
			isa = PBXGroup;
			children = (
				6F0EC77A27BD304700F1BDD0 /* Ressources */,
				0C0E6C9827B2524800765B38 /* Test_Cours_listUI */,
				0C0E6CA927B2524800765B38 /* Test_Cours_listUITests */,
				0C0E6CB327B2524800765B38 /* Test_Cours_listUIUITests */,
				0C0E6C9727B2524800765B38 /* Products */,
			);
			sourceTree = "<group>";
		};
		0C0E6C9727B2524800765B38 /* Products */ = {
			isa = PBXGroup;
			children = (
				0C0E6C9627B2524800765B38 /* Test_Cours_listUI.app */,
				0C0E6CA627B2524800765B38 /* Test_Cours_listUITests.xctest */,
				0C0E6CB027B2524800765B38 /* Test_Cours_listUIUITests.xctest */,
			);
			name = Products;
			sourceTree = "<group>";
		};
		0C0E6C9827B2524800765B38 /* Test_Cours_listUI */ = {
			isa = PBXGroup;
			children = (
				6F0EC7A127C4CE6500F1BDD0 /* DAO */,
				6F0EC77F27BE3C1C00F1BDD0 /* DTO */,
				6F0EC77027BCF1A400F1BDD0 /* Intent */,
				6F0EC76B27BCF0F800F1BDD0 /* View */,
				6F0EC76A27BCF0ED00F1BDD0 /* ViewModel */,
				0C0E6CC327B252AD00765B38 /* Model */,
				0C0E6C9927B2524800765B38 /* Test_Cours_listUIApp.swift */,
				0C0E6C9B27B2524800765B38 /* ContentView.swift */,
				6F0EC7BA27C5104200F1BDD0 /* LoadingView.swift */,
				6F0EC78A27BE466600F1BDD0 /* ApiService */,
				6F0EC77327BCF3C700F1BDD0 /* ErrorVM.swift */,
				0C0E6C9D27B2524800765B38 /* Assets.xcassets */,
				0C0E6C9F27B2524800765B38 /* Preview Content */,
			);
			path = Test_Cours_listUI;
			sourceTree = "<group>";
		};
		0C0E6C9F27B2524800765B38 /* Preview Content */ = {
			isa = PBXGroup;
			children = (
				0C0E6CA027B2524800765B38 /* Preview Assets.xcassets */,
			);
			path = "Preview Content";
			sourceTree = "<group>";
		};
		0C0E6CA927B2524800765B38 /* Test_Cours_listUITests */ = {
			isa = PBXGroup;
			children = (
				0C0E6CAA27B2524800765B38 /* Test_Cours_listUITests.swift */,
			);
			path = Test_Cours_listUITests;
			sourceTree = "<group>";
		};
		0C0E6CB327B2524800765B38 /* Test_Cours_listUIUITests */ = {
			isa = PBXGroup;
			children = (
				0C0E6CB427B2524800765B38 /* Test_Cours_listUIUITests.swift */,
				0C0E6CB627B2524800765B38 /* Test_Cours_listUIUITestsLaunchTests.swift */,
			);
			path = Test_Cours_listUIUITests;
			sourceTree = "<group>";
		};
		0C0E6CC327B252AD00765B38 /* Model */ = {
			isa = PBXGroup;
			children = (
				0C0E6CC427B252BA00765B38 /* Track.swift */,
				6FC65E3F27C69A6500C1F0CE /* User.swift */,
				6FC65E4F27CD158500C1F0CE /* Allergene.swift */,
				6FC65E5D27CD202600C1F0CE /* Allergenes.swift */,
				6FC65E6127CDB15300C1F0CE /* IngredientAllergenes.swift */,
				6F0EC77527BD2AE200F1BDD0 /* Tracks.swift */,
				6F0EC78427BE44DA00F1BDD0 /* Ingredient.swift */,
				6F0EC79527C4C1D300F1BDD0 /* Ingredients.swift */,
				6F0EC78827BE45B900F1BDD0 /* IngredientCategory.swift */,
				6F0EC78627BE453B00F1BDD0 /* Unit.swift */,
				6F0EC79727C4C1FE00F1BDD0 /* JSONHelper.swift */,
			);
			path = Model;
			sourceTree = "<group>";
		};
		6F0EC76A27BCF0ED00F1BDD0 /* ViewModel */ = {
			isa = PBXGroup;
			children = (
				6F0EC76E27BCF19C00F1BDD0 /* TrackViewModel.swift */,
				6F0EC77D27BD38DE00F1BDD0 /* TrackViewModelDelegate.swift */,
				6F0EC79927C4C34100F1BDD0 /* IngredientViewModel.swift */,
				6FC65E5727CD19BF00C1F0CE /* AllergeneViewModel.swift */,
				6F0EC7AC27C4EB0200F1BDD0 /* UnitViewModel.swift */,
				6F0EC7B227C4F0CE00F1BDD0 /* IngredientCategoryViewModel.swift */,
				6F0EC7B427C4F17D00F1BDD0 /* IngredientCategoryViewModelDelegate.swift */,
				6FC65E5927CD1A6300C1F0CE /* AllergeneViewModelDelegate.swift */,
				6F0EC7AE27C4EBB000F1BDD0 /* UnitViewModelDelegate.swift */,
				6F0EC79B27C4C68400F1BDD0 /* IngredientViewModelDelegate.swift */,
			);
			path = ViewModel;
			sourceTree = "<group>";
		};
		6F0EC76B27BCF0F800F1BDD0 /* View */ = {
			isa = PBXGroup;
			children = (
				6F0EC76C27BCF17A00F1BDD0 /* TrackView.swift */,
				6F0EC78227BE443100F1BDD0 /* IngredientListView.swift */,
				6FC65E5F27CD2A3500C1F0CE /* AllergeneListView.swift */,
				6F0EC79F27C4CA8A00F1BDD0 /* IngredientView.swift */,
				6F0EC7A627C4DB3F00F1BDD0 /* TrackListView.swift */,
				6F0EC7B027C4F06F00F1BDD0 /* IngredientCategoryView.swift */,
				6FC65E5527CD191700C1F0CE /* AllergeneVIew.swift */,
				6F0EC7A827C4EA1A00F1BDD0 /* UnitView.swift */,
			);
			path = View;
			sourceTree = "<group>";
		};
		6F0EC77027BCF1A400F1BDD0 /* Intent */ = {
			isa = PBXGroup;
			children = (
				6F0EC77127BCF1B200F1BDD0 /* TrackIntent.swift */,
				6F0EC7AA27C4EAAB00F1BDD0 /* UnitIntent.swift */,
				6FC65E5B27CD1A8F00C1F0CE /* AllergeneIntent.swift */,
				6F0EC7B627C4F1FF00F1BDD0 /* IngredientCategoryIntent.swift */,
				6F0EC79D27C4C6D200F1BDD0 /* IngredientIntent.swift */,
			);
			path = Intent;
			sourceTree = "<group>";
		};
		6F0EC77A27BD304700F1BDD0 /* Ressources */ = {
			isa = PBXGroup;
			children = (
				6F0EC77B27BD306A00F1BDD0 /* playlist.json */,
				6F0EC78D27BE48D700F1BDD0 /* api_config.json */,
			);
			path = Ressources;
			sourceTree = "<group>";
		};
		6F0EC77F27BE3C1C00F1BDD0 /* DTO */ = {
			isa = PBXGroup;
			children = (
				6F0EC78027BE3C2800F1BDD0 /* TrackDTO.swift */,
				6FC65E4127C69B1000C1F0CE /* UserDTO.swift */,
				6F0EC7A427C4CE9D00F1BDD0 /* IngredientDTO.swift */,
				6F0EC7BE27C5311E00F1BDD0 /* UnitDTO.swift */,
				6FC65E5327CD175F00C1F0CE /* AllergeneDTO.swift */,
				6F0EC7C227C5535B00F1BDD0 /* IngredientCategoryDTO.swift */,
			);
			path = DTO;
			sourceTree = "<group>";
		};
		6F0EC78A27BE466600F1BDD0 /* ApiService */ = {
			isa = PBXGroup;
			children = (
				6F0EC78B27BE467800F1BDD0 /* ApiService.swift */,
				6F0EC79327BE6FA200F1BDD0 /* DAOFactory.swift */,
				6FC65E3D27C6992000C1F0CE /* Session.swift */,
			);
			path = ApiService;
			sourceTree = "<group>";
		};
		6F0EC7A127C4CE6500F1BDD0 /* DAO */ = {
			isa = PBXGroup;
			children = (
				6F0EC7A227C4CE7300F1BDD0 /* IngredientDAO.swift */,
				6FC65E4527C76C8A00C1F0CE /* IngredientCategoryDAO.swift */,
				6F0EC7BC27C5188300F1BDD0 /* UnitDAO.swift */,
				6FC65E5127CD174B00C1F0CE /* AllergeneDAO.swift */,
				6FC65E4327C69B8B00C1F0CE /* UserDAO.swift */,
			);
			path = DAO;
			sourceTree = "<group>";
		};
/* End PBXGroup section */

/* Begin PBXNativeTarget section */
		0C0E6C9527B2524800765B38 /* Test_Cours_listUI */ = {
			isa = PBXNativeTarget;
			buildConfigurationList = 0C0E6CBA27B2524800765B38 /* Build configuration list for PBXNativeTarget "Test_Cours_listUI" */;
			buildPhases = (
				0C0E6C9227B2524800765B38 /* Sources */,
				0C0E6C9327B2524800765B38 /* Frameworks */,
				0C0E6C9427B2524800765B38 /* Resources */,
			);
			buildRules = (
			);
			dependencies = (
			);
			name = Test_Cours_listUI;
			packageProductDependencies = (
				6FC65E6427CF0B2B00C1F0CE /* AlertToast */,
			);
			productName = Test_Cours_listUI;
			productReference = 0C0E6C9627B2524800765B38 /* Test_Cours_listUI.app */;
			productType = "com.apple.product-type.application";
		};
		0C0E6CA527B2524800765B38 /* Test_Cours_listUITests */ = {
			isa = PBXNativeTarget;
			buildConfigurationList = 0C0E6CBD27B2524800765B38 /* Build configuration list for PBXNativeTarget "Test_Cours_listUITests" */;
			buildPhases = (
				0C0E6CA227B2524800765B38 /* Sources */,
				0C0E6CA327B2524800765B38 /* Frameworks */,
				0C0E6CA427B2524800765B38 /* Resources */,
			);
			buildRules = (
			);
			dependencies = (
				0C0E6CA827B2524800765B38 /* PBXTargetDependency */,
			);
			name = Test_Cours_listUITests;
			productName = Test_Cours_listUITests;
			productReference = 0C0E6CA627B2524800765B38 /* Test_Cours_listUITests.xctest */;
			productType = "com.apple.product-type.bundle.unit-test";
		};
		0C0E6CAF27B2524800765B38 /* Test_Cours_listUIUITests */ = {
			isa = PBXNativeTarget;
			buildConfigurationList = 0C0E6CC027B2524800765B38 /* Build configuration list for PBXNativeTarget "Test_Cours_listUIUITests" */;
			buildPhases = (
				0C0E6CAC27B2524800765B38 /* Sources */,
				0C0E6CAD27B2524800765B38 /* Frameworks */,
				0C0E6CAE27B2524800765B38 /* Resources */,
			);
			buildRules = (
			);
			dependencies = (
				0C0E6CB227B2524800765B38 /* PBXTargetDependency */,
			);
			name = Test_Cours_listUIUITests;
			productName = Test_Cours_listUIUITests;
			productReference = 0C0E6CB027B2524800765B38 /* Test_Cours_listUIUITests.xctest */;
			productType = "com.apple.product-type.bundle.ui-testing";
		};
/* End PBXNativeTarget section */

/* Begin PBXProject section */
		0C0E6C8E27B2524800765B38 /* Project object */ = {
			isa = PBXProject;
			attributes = {
				BuildIndependentTargetsInParallel = 1;
				LastSwiftUpdateCheck = 1320;
				LastUpgradeCheck = 1320;
				TargetAttributes = {
					0C0E6C9527B2524800765B38 = {
						CreatedOnToolsVersion = 13.2.1;
					};
					0C0E6CA527B2524800765B38 = {
						CreatedOnToolsVersion = 13.2.1;
						TestTargetID = 0C0E6C9527B2524800765B38;
					};
					0C0E6CAF27B2524800765B38 = {
						CreatedOnToolsVersion = 13.2.1;
						TestTargetID = 0C0E6C9527B2524800765B38;
					};
				};
			};
			buildConfigurationList = 0C0E6C9127B2524800765B38 /* Build configuration list for PBXProject "Test_Cours_listUI" */;
			compatibilityVersion = "Xcode 13.0";
			developmentRegion = en;
			hasScannedForEncodings = 0;
			knownRegions = (
				en,
				Base,
			);
			mainGroup = 0C0E6C8D27B2524800765B38;
			packageReferences = (
				6FC65E6327CF0B2B00C1F0CE /* XCRemoteSwiftPackageReference "AlertToast" */,
			);
			productRefGroup = 0C0E6C9727B2524800765B38 /* Products */;
			projectDirPath = "";
			projectRoot = "";
			targets = (
				0C0E6C9527B2524800765B38 /* Test_Cours_listUI */,
				0C0E6CA527B2524800765B38 /* Test_Cours_listUITests */,
				0C0E6CAF27B2524800765B38 /* Test_Cours_listUIUITests */,
			);
		};
/* End PBXProject section */

/* Begin PBXResourcesBuildPhase section */
		0C0E6C9427B2524800765B38 /* Resources */ = {
			isa = PBXResourcesBuildPhase;
			buildActionMask = 2147483647;
			files = (
				0C0E6CA127B2524800765B38 /* Preview Assets.xcassets in Resources */,
				0C0E6C9E27B2524800765B38 /* Assets.xcassets in Resources */,
				6F0EC78E27BE48D700F1BDD0 /* api_config.json in Resources */,
				6F0EC77C27BD306A00F1BDD0 /* playlist.json in Resources */,
			);
			runOnlyForDeploymentPostprocessing = 0;
		};
		0C0E6CA427B2524800765B38 /* Resources */ = {
			isa = PBXResourcesBuildPhase;
			buildActionMask = 2147483647;
			files = (
			);
			runOnlyForDeploymentPostprocessing = 0;
		};
		0C0E6CAE27B2524800765B38 /* Resources */ = {
			isa = PBXResourcesBuildPhase;
			buildActionMask = 2147483647;
			files = (
			);
			runOnlyForDeploymentPostprocessing = 0;
		};
/* End PBXResourcesBuildPhase section */

/* Begin PBXSourcesBuildPhase section */
		0C0E6C9227B2524800765B38 /* Sources */ = {
			isa = PBXSourcesBuildPhase;
			buildActionMask = 2147483647;
			files = (
				6F0EC78927BE45B900F1BDD0 /* IngredientCategory.swift in Sources */,
				6FC65E6027CD2A3500C1F0CE /* AllergeneListView.swift in Sources */,
				6FC65E4627C76C8A00C1F0CE /* IngredientCategoryDAO.swift in Sources */,
				6FC65E5A27CD1A6300C1F0CE /* AllergeneViewModelDelegate.swift in Sources */,
				6FC65E5027CD158500C1F0CE /* Allergene.swift in Sources */,
				6F0EC79A27C4C34100F1BDD0 /* IngredientViewModel.swift in Sources */,
				6F0EC7AB27C4EAAB00F1BDD0 /* UnitIntent.swift in Sources */,
				6F0EC78727BE453B00F1BDD0 /* Unit.swift in Sources */,
				6F0EC7A327C4CE7300F1BDD0 /* IngredientDAO.swift in Sources */,
				6F0EC78327BE443100F1BDD0 /* IngredientListView.swift in Sources */,
				6FC65E5E27CD202600C1F0CE /* Allergenes.swift in Sources */,
				6FC65E5827CD19BF00C1F0CE /* AllergeneViewModel.swift in Sources */,
				0C0E6C9C27B2524800765B38 /* ContentView.swift in Sources */,
				6F0EC77227BCF1B200F1BDD0 /* TrackIntent.swift in Sources */,
				6F0EC76F27BCF19C00F1BDD0 /* TrackViewModel.swift in Sources */,
				6F0EC77E27BD38DE00F1BDD0 /* TrackViewModelDelegate.swift in Sources */,
				6F0EC7A727C4DB3F00F1BDD0 /* TrackListView.swift in Sources */,
				6F0EC7A927C4EA1A00F1BDD0 /* UnitView.swift in Sources */,
				6F0EC7C327C5535B00F1BDD0 /* IngredientCategoryDTO.swift in Sources */,
				6FC65E5427CD175F00C1F0CE /* AllergeneDTO.swift in Sources */,
				6FC65E5627CD191700C1F0CE /* AllergeneVIew.swift in Sources */,
				6F0EC79E27C4C6D200F1BDD0 /* IngredientIntent.swift in Sources */,
				6F0EC77427BCF3C700F1BDD0 /* ErrorVM.swift in Sources */,
				6F0EC78127BE3C2800F1BDD0 /* TrackDTO.swift in Sources */,
				6FC65E6227CDB15300C1F0CE /* IngredientAllergenes.swift in Sources */,
				6F0EC7AF27C4EBB000F1BDD0 /* UnitViewModelDelegate.swift in Sources */,
				6F0EC79427BE6FA200F1BDD0 /* DAOFactory.swift in Sources */,
				6FC65E5C27CD1A8F00C1F0CE /* AllergeneIntent.swift in Sources */,
				6F0EC79C27C4C68400F1BDD0 /* IngredientViewModelDelegate.swift in Sources */,
				6F0EC7B527C4F17D00F1BDD0 /* IngredientCategoryViewModelDelegate.swift in Sources */,
				6F0EC79627C4C1D300F1BDD0 /* Ingredients.swift in Sources */,
				6F0EC7B327C4F0CE00F1BDD0 /* IngredientCategoryViewModel.swift in Sources */,
				6FC65E5227CD174B00C1F0CE /* AllergeneDAO.swift in Sources */,
				6F0EC7BB27C5104200F1BDD0 /* LoadingView.swift in Sources */,
				6F0EC7AD27C4EB0200F1BDD0 /* UnitViewModel.swift in Sources */,
				0C0E6C9A27B2524800765B38 /* Test_Cours_listUIApp.swift in Sources */,
				6F0EC7A027C4CA8A00F1BDD0 /* IngredientView.swift in Sources */,
				6FC65E4027C69A6500C1F0CE /* User.swift in Sources */,
				6F0EC7A527C4CE9D00F1BDD0 /* IngredientDTO.swift in Sources */,
				6F0EC7B127C4F06F00F1BDD0 /* IngredientCategoryView.swift in Sources */,
				6FC65E4427C69B8B00C1F0CE /* UserDAO.swift in Sources */,
				6F0EC78527BE44DA00F1BDD0 /* Ingredient.swift in Sources */,
				6F0EC78C27BE467800F1BDD0 /* ApiService.swift in Sources */,
				6FC65E3E27C6992000C1F0CE /* Session.swift in Sources */,
				6F0EC76D27BCF17A00F1BDD0 /* TrackView.swift in Sources */,
				0C0E6CC527B252BA00765B38 /* Track.swift in Sources */,
				6F0EC79827C4C1FE00F1BDD0 /* JSONHelper.swift in Sources */,
				6F0EC77627BD2AE200F1BDD0 /* Tracks.swift in Sources */,
				6F0EC7BD27C5188300F1BDD0 /* UnitDAO.swift in Sources */,
				6F0EC7B727C4F1FF00F1BDD0 /* IngredientCategoryIntent.swift in Sources */,
				6FC65E4227C69B1000C1F0CE /* UserDTO.swift in Sources */,
				6F0EC7BF27C5311E00F1BDD0 /* UnitDTO.swift in Sources */,
			);
			runOnlyForDeploymentPostprocessing = 0;
		};
		0C0E6CA227B2524800765B38 /* Sources */ = {
			isa = PBXSourcesBuildPhase;
			buildActionMask = 2147483647;
			files = (
				0C0E6CAB27B2524800765B38 /* Test_Cours_listUITests.swift in Sources */,
			);
			runOnlyForDeploymentPostprocessing = 0;
		};
		0C0E6CAC27B2524800765B38 /* Sources */ = {
			isa = PBXSourcesBuildPhase;
			buildActionMask = 2147483647;
			files = (
				0C0E6CB527B2524800765B38 /* Test_Cours_listUIUITests.swift in Sources */,
				0C0E6CB727B2524800765B38 /* Test_Cours_listUIUITestsLaunchTests.swift in Sources */,
			);
			runOnlyForDeploymentPostprocessing = 0;
		};
/* End PBXSourcesBuildPhase section */

/* Begin PBXTargetDependency section */
		0C0E6CA827B2524800765B38 /* PBXTargetDependency */ = {
			isa = PBXTargetDependency;
			target = 0C0E6C9527B2524800765B38 /* Test_Cours_listUI */;
			targetProxy = 0C0E6CA727B2524800765B38 /* PBXContainerItemProxy */;
		};
		0C0E6CB227B2524800765B38 /* PBXTargetDependency */ = {
			isa = PBXTargetDependency;
			target = 0C0E6C9527B2524800765B38 /* Test_Cours_listUI */;
			targetProxy = 0C0E6CB127B2524800765B38 /* PBXContainerItemProxy */;
		};
/* End PBXTargetDependency section */

/* Begin XCBuildConfiguration section */
		0C0E6CB827B2524800765B38 /* Debug */ = {
			isa = XCBuildConfiguration;
			buildSettings = {
				ALWAYS_SEARCH_USER_PATHS = NO;
				CLANG_ANALYZER_NONNULL = YES;
				CLANG_ANALYZER_NUMBER_OBJECT_CONVERSION = YES_AGGRESSIVE;
				CLANG_CXX_LANGUAGE_STANDARD = "gnu++17";
				CLANG_CXX_LIBRARY = "libc++";
				CLANG_ENABLE_MODULES = YES;
				CLANG_ENABLE_OBJC_ARC = YES;
				CLANG_ENABLE_OBJC_WEAK = YES;
				CLANG_WARN_BLOCK_CAPTURE_AUTORELEASING = YES;
				CLANG_WARN_BOOL_CONVERSION = YES;
				CLANG_WARN_COMMA = YES;
				CLANG_WARN_CONSTANT_CONVERSION = YES;
				CLANG_WARN_DEPRECATED_OBJC_IMPLEMENTATIONS = YES;
				CLANG_WARN_DIRECT_OBJC_ISA_USAGE = YES_ERROR;
				CLANG_WARN_DOCUMENTATION_COMMENTS = YES;
				CLANG_WARN_EMPTY_BODY = YES;
				CLANG_WARN_ENUM_CONVERSION = YES;
				CLANG_WARN_INFINITE_RECURSION = YES;
				CLANG_WARN_INT_CONVERSION = YES;
				CLANG_WARN_NON_LITERAL_NULL_CONVERSION = YES;
				CLANG_WARN_OBJC_IMPLICIT_RETAIN_SELF = YES;
				CLANG_WARN_OBJC_LITERAL_CONVERSION = YES;
				CLANG_WARN_OBJC_ROOT_CLASS = YES_ERROR;
				CLANG_WARN_QUOTED_INCLUDE_IN_FRAMEWORK_HEADER = YES;
				CLANG_WARN_RANGE_LOOP_ANALYSIS = YES;
				CLANG_WARN_STRICT_PROTOTYPES = YES;
				CLANG_WARN_SUSPICIOUS_MOVE = YES;
				CLANG_WARN_UNGUARDED_AVAILABILITY = YES_AGGRESSIVE;
				CLANG_WARN_UNREACHABLE_CODE = YES;
				CLANG_WARN__DUPLICATE_METHOD_MATCH = YES;
				COPY_PHASE_STRIP = NO;
				DEBUG_INFORMATION_FORMAT = dwarf;
				ENABLE_STRICT_OBJC_MSGSEND = YES;
				ENABLE_TESTABILITY = YES;
				GCC_C_LANGUAGE_STANDARD = gnu11;
				GCC_DYNAMIC_NO_PIC = NO;
				GCC_NO_COMMON_BLOCKS = YES;
				GCC_OPTIMIZATION_LEVEL = 0;
				GCC_PREPROCESSOR_DEFINITIONS = (
					"DEBUG=1",
					"$(inherited)",
				);
				GCC_WARN_64_TO_32_BIT_CONVERSION = YES;
				GCC_WARN_ABOUT_RETURN_TYPE = YES_ERROR;
				GCC_WARN_UNDECLARED_SELECTOR = YES;
				GCC_WARN_UNINITIALIZED_AUTOS = YES_AGGRESSIVE;
				GCC_WARN_UNUSED_FUNCTION = YES;
				GCC_WARN_UNUSED_VARIABLE = YES;
				IPHONEOS_DEPLOYMENT_TARGET = 15.2;
				MTL_ENABLE_DEBUG_INFO = INCLUDE_SOURCE;
				MTL_FAST_MATH = YES;
				ONLY_ACTIVE_ARCH = YES;
				SDKROOT = iphoneos;
				SWIFT_ACTIVE_COMPILATION_CONDITIONS = DEBUG;
				SWIFT_OPTIMIZATION_LEVEL = "-Onone";
			};
			name = Debug;
		};
		0C0E6CB927B2524800765B38 /* Release */ = {
			isa = XCBuildConfiguration;
			buildSettings = {
				ALWAYS_SEARCH_USER_PATHS = NO;
				CLANG_ANALYZER_NONNULL = YES;
				CLANG_ANALYZER_NUMBER_OBJECT_CONVERSION = YES_AGGRESSIVE;
				CLANG_CXX_LANGUAGE_STANDARD = "gnu++17";
				CLANG_CXX_LIBRARY = "libc++";
				CLANG_ENABLE_MODULES = YES;
				CLANG_ENABLE_OBJC_ARC = YES;
				CLANG_ENABLE_OBJC_WEAK = YES;
				CLANG_WARN_BLOCK_CAPTURE_AUTORELEASING = YES;
				CLANG_WARN_BOOL_CONVERSION = YES;
				CLANG_WARN_COMMA = YES;
				CLANG_WARN_CONSTANT_CONVERSION = YES;
				CLANG_WARN_DEPRECATED_OBJC_IMPLEMENTATIONS = YES;
				CLANG_WARN_DIRECT_OBJC_ISA_USAGE = YES_ERROR;
				CLANG_WARN_DOCUMENTATION_COMMENTS = YES;
				CLANG_WARN_EMPTY_BODY = YES;
				CLANG_WARN_ENUM_CONVERSION = YES;
				CLANG_WARN_INFINITE_RECURSION = YES;
				CLANG_WARN_INT_CONVERSION = YES;
				CLANG_WARN_NON_LITERAL_NULL_CONVERSION = YES;
				CLANG_WARN_OBJC_IMPLICIT_RETAIN_SELF = YES;
				CLANG_WARN_OBJC_LITERAL_CONVERSION = YES;
				CLANG_WARN_OBJC_ROOT_CLASS = YES_ERROR;
				CLANG_WARN_QUOTED_INCLUDE_IN_FRAMEWORK_HEADER = YES;
				CLANG_WARN_RANGE_LOOP_ANALYSIS = YES;
				CLANG_WARN_STRICT_PROTOTYPES = YES;
				CLANG_WARN_SUSPICIOUS_MOVE = YES;
				CLANG_WARN_UNGUARDED_AVAILABILITY = YES_AGGRESSIVE;
				CLANG_WARN_UNREACHABLE_CODE = YES;
				CLANG_WARN__DUPLICATE_METHOD_MATCH = YES;
				COPY_PHASE_STRIP = NO;
				DEBUG_INFORMATION_FORMAT = "dwarf-with-dsym";
				ENABLE_NS_ASSERTIONS = NO;
				ENABLE_STRICT_OBJC_MSGSEND = YES;
				GCC_C_LANGUAGE_STANDARD = gnu11;
				GCC_NO_COMMON_BLOCKS = YES;
				GCC_WARN_64_TO_32_BIT_CONVERSION = YES;
				GCC_WARN_ABOUT_RETURN_TYPE = YES_ERROR;
				GCC_WARN_UNDECLARED_SELECTOR = YES;
				GCC_WARN_UNINITIALIZED_AUTOS = YES_AGGRESSIVE;
				GCC_WARN_UNUSED_FUNCTION = YES;
				GCC_WARN_UNUSED_VARIABLE = YES;
				IPHONEOS_DEPLOYMENT_TARGET = 15.2;
				MTL_ENABLE_DEBUG_INFO = NO;
				MTL_FAST_MATH = YES;
				SDKROOT = iphoneos;
				SWIFT_COMPILATION_MODE = wholemodule;
				SWIFT_OPTIMIZATION_LEVEL = "-O";
				VALIDATE_PRODUCT = YES;
			};
			name = Release;
		};
		0C0E6CBB27B2524800765B38 /* Debug */ = {
			isa = XCBuildConfiguration;
			buildSettings = {
				ASSETCATALOG_COMPILER_APPICON_NAME = AppIcon;
				ASSETCATALOG_COMPILER_GLOBAL_ACCENT_COLOR_NAME = AccentColor;
				CODE_SIGN_STYLE = Automatic;
				CURRENT_PROJECT_VERSION = 1;
				DEVELOPMENT_ASSET_PATHS = "\"Test_Cours_listUI/Preview Content\"";
				ENABLE_PREVIEWS = YES;
				GENERATE_INFOPLIST_FILE = YES;
				INFOPLIST_KEY_UIApplicationSceneManifest_Generation = YES;
				INFOPLIST_KEY_UIApplicationSupportsIndirectInputEvents = YES;
				INFOPLIST_KEY_UILaunchScreen_Generation = YES;
				INFOPLIST_KEY_UISupportedInterfaceOrientations_iPad = "UIInterfaceOrientationPortrait UIInterfaceOrientationPortraitUpsideDown UIInterfaceOrientationLandscapeLeft UIInterfaceOrientationLandscapeRight";
				INFOPLIST_KEY_UISupportedInterfaceOrientations_iPhone = "UIInterfaceOrientationPortrait UIInterfaceOrientationLandscapeLeft UIInterfaceOrientationLandscapeRight";
				LD_RUNPATH_SEARCH_PATHS = (
					"$(inherited)",
					"@executable_path/Frameworks",
				);
				MARKETING_VERSION = 1.0;
				PRODUCT_BUNDLE_IDENTIFIER = "vincent.Test-Cours-listUI";
				PRODUCT_NAME = "$(TARGET_NAME)";
				SWIFT_EMIT_LOC_STRINGS = YES;
				SWIFT_VERSION = 5.0;
				TARGETED_DEVICE_FAMILY = "1,2";
			};
			name = Debug;
		};
		0C0E6CBC27B2524800765B38 /* Release */ = {
			isa = XCBuildConfiguration;
			buildSettings = {
				ASSETCATALOG_COMPILER_APPICON_NAME = AppIcon;
				ASSETCATALOG_COMPILER_GLOBAL_ACCENT_COLOR_NAME = AccentColor;
				CODE_SIGN_STYLE = Automatic;
				CURRENT_PROJECT_VERSION = 1;
				DEVELOPMENT_ASSET_PATHS = "\"Test_Cours_listUI/Preview Content\"";
				ENABLE_PREVIEWS = YES;
				GENERATE_INFOPLIST_FILE = YES;
				INFOPLIST_KEY_UIApplicationSceneManifest_Generation = YES;
				INFOPLIST_KEY_UIApplicationSupportsIndirectInputEvents = YES;
				INFOPLIST_KEY_UILaunchScreen_Generation = YES;
				INFOPLIST_KEY_UISupportedInterfaceOrientations_iPad = "UIInterfaceOrientationPortrait UIInterfaceOrientationPortraitUpsideDown UIInterfaceOrientationLandscapeLeft UIInterfaceOrientationLandscapeRight";
				INFOPLIST_KEY_UISupportedInterfaceOrientations_iPhone = "UIInterfaceOrientationPortrait UIInterfaceOrientationLandscapeLeft UIInterfaceOrientationLandscapeRight";
				LD_RUNPATH_SEARCH_PATHS = (
					"$(inherited)",
					"@executable_path/Frameworks",
				);
				MARKETING_VERSION = 1.0;
				PRODUCT_BUNDLE_IDENTIFIER = "vincent.Test-Cours-listUI";
				PRODUCT_NAME = "$(TARGET_NAME)";
				SWIFT_EMIT_LOC_STRINGS = YES;
				SWIFT_VERSION = 5.0;
				TARGETED_DEVICE_FAMILY = "1,2";
			};
			name = Release;
		};
		0C0E6CBE27B2524800765B38 /* Debug */ = {
			isa = XCBuildConfiguration;
			buildSettings = {
				ALWAYS_EMBED_SWIFT_STANDARD_LIBRARIES = YES;
				BUNDLE_LOADER = "$(TEST_HOST)";
				CODE_SIGN_STYLE = Automatic;
				CURRENT_PROJECT_VERSION = 1;
				GENERATE_INFOPLIST_FILE = YES;
				IPHONEOS_DEPLOYMENT_TARGET = 15.2;
				MARKETING_VERSION = 1.0;
				PRODUCT_BUNDLE_IDENTIFIER = "vincent.Test-Cours-listUITests";
				PRODUCT_NAME = "$(TARGET_NAME)";
				SWIFT_EMIT_LOC_STRINGS = NO;
				SWIFT_VERSION = 5.0;
				TARGETED_DEVICE_FAMILY = "1,2";
				TEST_HOST = "$(BUILT_PRODUCTS_DIR)/Test_Cours_listUI.app/Test_Cours_listUI";
			};
			name = Debug;
		};
		0C0E6CBF27B2524800765B38 /* Release */ = {
			isa = XCBuildConfiguration;
			buildSettings = {
				ALWAYS_EMBED_SWIFT_STANDARD_LIBRARIES = YES;
				BUNDLE_LOADER = "$(TEST_HOST)";
				CODE_SIGN_STYLE = Automatic;
				CURRENT_PROJECT_VERSION = 1;
				GENERATE_INFOPLIST_FILE = YES;
				IPHONEOS_DEPLOYMENT_TARGET = 15.2;
				MARKETING_VERSION = 1.0;
				PRODUCT_BUNDLE_IDENTIFIER = "vincent.Test-Cours-listUITests";
				PRODUCT_NAME = "$(TARGET_NAME)";
				SWIFT_EMIT_LOC_STRINGS = NO;
				SWIFT_VERSION = 5.0;
				TARGETED_DEVICE_FAMILY = "1,2";
				TEST_HOST = "$(BUILT_PRODUCTS_DIR)/Test_Cours_listUI.app/Test_Cours_listUI";
			};
			name = Release;
		};
		0C0E6CC127B2524800765B38 /* Debug */ = {
			isa = XCBuildConfiguration;
			buildSettings = {
				ALWAYS_EMBED_SWIFT_STANDARD_LIBRARIES = YES;
				CODE_SIGN_STYLE = Automatic;
				CURRENT_PROJECT_VERSION = 1;
				GENERATE_INFOPLIST_FILE = YES;
				MARKETING_VERSION = 1.0;
				PRODUCT_BUNDLE_IDENTIFIER = "vincent.Test-Cours-listUIUITests";
				PRODUCT_NAME = "$(TARGET_NAME)";
				SWIFT_EMIT_LOC_STRINGS = NO;
				SWIFT_VERSION = 5.0;
				TARGETED_DEVICE_FAMILY = "1,2";
				TEST_TARGET_NAME = Test_Cours_listUI;
			};
			name = Debug;
		};
		0C0E6CC227B2524800765B38 /* Release */ = {
			isa = XCBuildConfiguration;
			buildSettings = {
				ALWAYS_EMBED_SWIFT_STANDARD_LIBRARIES = YES;
				CODE_SIGN_STYLE = Automatic;
				CURRENT_PROJECT_VERSION = 1;
				GENERATE_INFOPLIST_FILE = YES;
				MARKETING_VERSION = 1.0;
				PRODUCT_BUNDLE_IDENTIFIER = "vincent.Test-Cours-listUIUITests";
				PRODUCT_NAME = "$(TARGET_NAME)";
				SWIFT_EMIT_LOC_STRINGS = NO;
				SWIFT_VERSION = 5.0;
				TARGETED_DEVICE_FAMILY = "1,2";
				TEST_TARGET_NAME = Test_Cours_listUI;
			};
			name = Release;
		};
/* End XCBuildConfiguration section */

/* Begin XCConfigurationList section */
		0C0E6C9127B2524800765B38 /* Build configuration list for PBXProject "Test_Cours_listUI" */ = {
			isa = XCConfigurationList;
			buildConfigurations = (
				0C0E6CB827B2524800765B38 /* Debug */,
				0C0E6CB927B2524800765B38 /* Release */,
			);
			defaultConfigurationIsVisible = 0;
			defaultConfigurationName = Release;
		};
		0C0E6CBA27B2524800765B38 /* Build configuration list for PBXNativeTarget "Test_Cours_listUI" */ = {
			isa = XCConfigurationList;
			buildConfigurations = (
				0C0E6CBB27B2524800765B38 /* Debug */,
				0C0E6CBC27B2524800765B38 /* Release */,
			);
			defaultConfigurationIsVisible = 0;
			defaultConfigurationName = Release;
		};
		0C0E6CBD27B2524800765B38 /* Build configuration list for PBXNativeTarget "Test_Cours_listUITests" */ = {
			isa = XCConfigurationList;
			buildConfigurations = (
				0C0E6CBE27B2524800765B38 /* Debug */,
				0C0E6CBF27B2524800765B38 /* Release */,
			);
			defaultConfigurationIsVisible = 0;
			defaultConfigurationName = Release;
		};
		0C0E6CC027B2524800765B38 /* Build configuration list for PBXNativeTarget "Test_Cours_listUIUITests" */ = {
			isa = XCConfigurationList;
			buildConfigurations = (
				0C0E6CC127B2524800765B38 /* Debug */,
				0C0E6CC227B2524800765B38 /* Release */,
			);
			defaultConfigurationIsVisible = 0;
			defaultConfigurationName = Release;
		};
/* End XCConfigurationList section */

/* Begin XCRemoteSwiftPackageReference section */
		6FC65E6327CF0B2B00C1F0CE /* XCRemoteSwiftPackageReference "AlertToast" */ = {
			isa = XCRemoteSwiftPackageReference;
			repositoryURL = "https://github.com/elai950/AlertToast.git";
			requirement = {
				kind = upToNextMajorVersion;
				minimumVersion = 1.0.0;
			};
		};
/* End XCRemoteSwiftPackageReference section */

/* Begin XCSwiftPackageProductDependency section */
		6FC65E6427CF0B2B00C1F0CE /* AlertToast */ = {
			isa = XCSwiftPackageProductDependency;
			package = 6FC65E6327CF0B2B00C1F0CE /* XCRemoteSwiftPackageReference "AlertToast" */;
			productName = AlertToast;
		};
/* End XCSwiftPackageProductDependency section */
	};
	rootObject = 0C0E6C8E27B2524800765B38 /* Project object */;
}
